
Microsoft Visual Studio Solution File, Format Version 12.00
# Visual Studio Version 17
VisualStudioVersion = 17.14.36717.8 d17.14
MinimumVisualStudioVersion = 10.0.40219.1
Project("{8BC9CEB8-8B4A-11D0-8D11-00A0C91BC942}") = "LAB801", "LAB801.vcxproj", "{9886DEB2-28AD-4DA4-8190-DD2D7F64B377}"
EndProject
Project("{8BC9CEB8-8B4A-11D0-8D11-00A0C91BC942}") = "LAb802", "..\LAb802\LAb802.vcxproj", "{CEFD9A66-3E65-4722-8552-E960E5C59AA9}"
EndProject
Project("{8BC9CEB8-8B4A-11D0-8D11-00A0C91BC942}") = "LAB803", "..\LAB803\LAB803.vcxproj", "{46AEC35A-6FD5-48EB-8888-3827127B7BE0}"
EndProject
Project("{8BC9CEB8-8B4A-11D0-8D11-00A0C91BC942}") = "LAB804", "..\LAB804\LAB804.vcxproj", "{1DC6AF8F-9C31-42EA-B39F-EA8F33DD3284}"
EndProject
Project("{8BC9CEB8-8B4A-11D0-8D11-00A0C91BC942}") = "LAB805", "..\LAB805\LAB805.vcxproj", "{EBB7CC4D-686C-48A9-A6C1-DEFBF8806324}"
EndProject
Project("{8BC9CEB8-8B4A-11D0-8D11-00A0C91BC942}") = "LAB807", "..\LAB807\LAB807.vcxproj", "{A372EEE3-A451-44BF-86D3-4F2CC079DA77}"
EndProject
Project("{8BC9CEB8-8B4A-11D0-8D11-00A0C91BC942}") = "LAB806", "..\LAB806\LAB806.vcxproj", "{8D541A76-7A98-417A-83BE-FAD499B26FE1}"
EndProject
Global
	GlobalSection(SolutionConfigurationPlatforms) = preSolution
		Debug|x64 = Debug|x64
		Debug|x86 = Debug|x86
		Release|x64 = Release|x64
		Release|x86 = Release|x86
	EndGlobalSection
	GlobalSection(ProjectConfigurationPlatforms) = postSolution
		{9886DEB2-28AD-4DA4-8190-DD2D7F64B377}.Debug|x64.ActiveCfg = Debug|x64
		{9886DEB2-28AD-4DA4-8190-DD2D7F64B377}.Debug|x64.Build.0 = Debug|x64
		{9886DEB2-28AD-4DA4-8190-DD2D7F64B377}.Debug|x86.ActiveCfg = Debug|Win32
		{9886DEB2-28AD-4DA4-8190-DD2D7F64B377}.Debug|x86.Build.0 = Debug|Win32
		{9886DEB2-28AD-4DA4-8190-DD2D7F64B377}.Release|x64.ActiveCfg = Release|x64
		{9886DEB2-28AD-4DA4-8190-DD2D7F64B377}.Release|x64.Build.0 = Release|x64
		{9886DEB2-28AD-4DA4-8190-DD2D7F64B377}.Release|x86.ActiveCfg = Release|Win32
		{9886DEB2-28AD-4DA4-8190-DD2D7F64B377}.Release|x86.Build.0 = Release|Win32
		{CEFD9A66-3E65-4722-8552-E960E5C59AA9}.Debug|x64.ActiveCfg = Debug|x64
		{CEFD9A66-3E65-4722-8552-E960E5C59AA9}.Debug|x64.Build.0 = Debug|x64
		{CEFD9A66-3E65-4722-8552-E960E5C59AA9}.Debug|x86.ActiveCfg = Debug|Win32
		{CEFD9A66-3E65-4722-8552-E960E5C59AA9}.Debug|x86.Build.0 = Debug|Win32
		{CEFD9A66-3E65-4722-8552-E960E5C59AA9}.Release|x64.ActiveCfg = Release|x64
		{CEFD9A66-3E65-4722-8552-E960E5C59AA9}.Release|x64.Build.0 = Release|x64
		{CEFD9A66-3E65-4722-8552-E960E5C59AA9}.Release|x86.ActiveCfg = Release|Win32
		{CEFD9A66-3E65-4722-8552-E960E5C59AA9}.Release|x86.Build.0 = Release|Win32
		{46AEC35A-6FD5-48EB-8888-3827127B7BE0}.Debug|x64.ActiveCfg = Debug|x64
		{46AEC35A-6FD5-48EB-8888-3827127B7BE0}.Debug|x64.Build.0 = Debug|x64
		{46AEC35A-6FD5-48EB-8888-3827127B7BE0}.Debug|x86.ActiveCfg = Debug|Win32
		{46AEC35A-6FD5-48EB-8888-3827127B7BE0}.Debug|x86.Build.0 = Debug|Win32
		{46AEC35A-6FD5-48EB-8888-3827127B7BE0}.Release|x64.ActiveCfg = Release|x64
		{46AEC35A-6FD5-48EB-8888-3827127B7BE0}.Release|x64.Build.0 = Release|x64
		{46AEC35A-6FD5-48EB-8888-3827127B7BE0}.Release|x86.ActiveCfg = Release|Win32
		{46AEC35A-6FD5-48EB-8888-3827127B7BE0}.Release|x86.Build.0 = Release|Win32
		{1DC6AF8F-9C31-42EA-B39F-EA8F33DD3284}.Debug|x64.ActiveCfg = Debug|x64
		{1DC6AF8F-9C31-42EA-B39F-EA8F33DD3284}.Debug|x64.Build.0 = Debug|x64
		{1DC6AF8F-9C31-42EA-B39F-EA8F33DD3284}.Debug|x86.ActiveCfg = Debug|Win32
		{1DC6AF8F-9C31-42EA-B39F-EA8F33DD3284}.Debug|x86.Build.0 = Debug|Win32
		{1DC6AF8F-9C31-42EA-B39F-EA8F33DD3284}.Release|x64.ActiveCfg = Release|x64
		{1DC6AF8F-9C31-42EA-B39F-EA8F33DD3284}.Release|x64.Build.0 = Release|x64
		{1DC6AF8F-9C31-42EA-B39F-EA8F33DD3284}.Release|x86.ActiveCfg = Release|Win32
		{1DC6AF8F-9C31-42EA-B39F-EA8F33DD3284}.Release|x86.Build.0 = Release|Win32
		{EBB7CC4D-686C-48A9-A6C1-DEFBF8806324}.Debug|x64.ActiveCfg = Debug|x64
		{EBB7CC4D-686C-48A9-A6C1-DEFBF8806324}.Debug|x64.Build.0 = Debug|x64
		{EBB7CC4D-686C-48A9-A6C1-DEFBF8806324}.Debug|x86.ActiveCfg = Debug|Win32
		{EBB7CC4D-686C-48A9-A6C1-DEFBF8806324}.Debug|x86.Build.0 = Debug|Win32
		{EBB7CC4D-686C-48A9-A6C1-DEFBF8806324}.Release|x64.ActiveCfg = Release|x64
		{EBB7CC4D-686C-48A9-A6C1-DEFBF8806324}.Release|x64.Build.0 = Release|x64
		{EBB7CC4D-686C-48A9-A6C1-DEFBF8806324}.Release|x86.ActiveCfg = Release|Win32
		{EBB7CC4D-686C-48A9-A6C1-DEFBF8806324}.Release|x86.Build.0 = Release|Win32
		{A372EEE3-A451-44BF-86D3-4F2CC079DA77}.Debug|x64.ActiveCfg = Debug|x64
		{A372EEE3-A451-44BF-86D3-4F2CC079DA77}.Debug|x64.Build.0 = Debug|x64
		{A372EEE3-A451-44BF-86D3-4F2CC079DA77}.Debug|x86.ActiveCfg = Debug|Win32
		{A372EEE3-A451-44BF-86D3-4F2CC079DA77}.Debug|x86.Build.0 = Debug|Win32
		{A372EEE3-A451-44BF-86D3-4F2CC079DA77}.Release|x64.ActiveCfg = Release|x64
		{A372EEE3-A451-44BF-86D3-4F2CC079DA77}.Release|x64.Build.0 = Release|x64
		{A372EEE3-A451-44BF-86D3-4F2CC079DA77}.Release|x86.ActiveCfg = Release|Win32
		{A372EEE3-A451-44BF-86D3-4F2CC079DA77}.Release|x86.Build.0 = Release|Win32
		{8D541A76-7A98-417A-83BE-FAD499B26FE1}.Debug|x64.ActiveCfg = Debug|x64
		{8D541A76-7A98-417A-83BE-FAD499B26FE1}.Debug|x64.Build.0 = Debug|x64
		{8D541A76-7A98-417A-83BE-FAD499B26FE1}.Debug|x86.ActiveCfg = Debug|Win32
		{8D541A76-7A98-417A-83BE-FAD499B26FE1}.Debug|x86.Build.0 = Debug|Win32
		{8D541A76-7A98-417A-83BE-FAD499B26FE1}.Release|x64.ActiveCfg = Release|x64
		{8D541A76-7A98-417A-83BE-FAD499B26FE1}.Release|x64.Build.0 = Release|x64
		{8D541A76-7A98-417A-83BE-FAD499B26FE1}.Release|x86.ActiveCfg = Release|Win32
		{8D541A76-7A98-417A-83BE-FAD499B26FE1}.Release|x86.Build.0 = Release|Win32
	EndGlobalSection
	GlobalSection(SolutionProperties) = preSolution
		HideSolutionNode = FALSE
	EndGlobalSection
	GlobalSection(ExtensibilityGlobals) = postSolution
		SolutionGuid = {018862F6-8F7A-42C6-B5D3-CA1A481C1EFE}
	EndGlobalSection
EndGlobal
